{
  "version": "4",
  "specifiers": {
    "jsr:@std/assert@1": "1.0.9",
    "jsr:@std/internal@^1.0.5": "1.0.5",
    "npm:kalender-events@*": "0.28.3",
    "npm:kalender-events@~0.28.3": "0.28.3"
  },
  "jsr": {
    "@std/assert@1.0.9": {
      "integrity": "a9f0c611a869cc791b26f523eec54c7e187aab7932c2c8e8bea0622d13680dcd",
      "dependencies": [
        "jsr:@std/internal"
      ]
    },
    "@std/internal@1.0.5": {
      "integrity": "54a546004f769c1ac9e025abd15a76b6671ddc9687e2313b67376125650dc7ba"
    }
  },
  "npm": {
    "@babel/polyfill@7.12.1": {
      "integrity": "sha512-X0pi0V6gxLi6lFZpGmeNa4zxtwEmCs42isWLNjZZDE0Y8yVfgu0T2OAHlzBbdYlqbW/YXVvoBHpATEM+goCj8g==",
      "dependencies": [
        "core-js",
        "regenerator-runtime"
      ]
    },
    "@naimo84/dav@1.9.0": {
      "integrity": "sha512-5YnNixXMowDInz7GWLiCip9kFojO9sf3AQn91LSfun8b8Lt4488UD5oEEIL9SZEEtI/FT6IURLUoEPS9Af3RGw==",
      "dependencies": [
        "@babel/polyfill",
        "co",
        "debug",
        "xmldom",
        "xmlhttprequest"
      ]
    },
    "ajv@6.12.6": {
      "integrity": "sha512-j3fVLgvTo527anyYyJOGTYJbG+vnnQYvE0m5mmkc1TK+nxAppkCLMIL0aZ4dblVCNoGShhm+kzE4ZUykBoMg4g==",
      "dependencies": [
        "fast-deep-equal",
        "fast-json-stable-stringify",
        "json-schema-traverse",
        "uri-js"
      ]
    },
    "asn1@0.2.6": {
      "integrity": "sha512-ix/FxPn0MDjeyJ7i/yoHGFt/EX6LyNbxSEhPPXODPL+KB0VPk86UYfL0lMdy+KCnv+fmvIzySwaK5COwqVbWTQ==",
      "dependencies": [
        "safer-buffer"
      ]
    },
    "assert-plus@1.0.0": {
      "integrity": "sha512-NfJ4UzBCcQGLDlQq7nHxH+tv3kyZ0hHQqF5BO6J7tNJeP5do1llPr8dZ8zHonfhAu0PHAdMkSo+8o0wxg9lZWw=="
    },
    "asynckit@0.4.0": {
      "integrity": "sha512-Oei9OH4tRh0YqU3GxhX79dM/mwVgvbZJaSNaRk+bshkj0S5cfHcgYakreBjrHwatXKbz+IoIdYLxrKim2MjW0Q=="
    },
    "aws-sign2@0.7.0": {
      "integrity": "sha512-08kcGqnYf/YmjoRhfxyu+CLxBjUtHLXLXX/vUfx9l2LYzG3c1m61nrpyFUZI6zeS+Li/wWMMidD9KgrqtGq3mA=="
    },
    "aws4@1.13.2": {
      "integrity": "sha512-lHe62zvbTB5eEABUVi/AwVh0ZKY9rMMDhmm+eeyuuUQbQ3+J+fONVQOZyj+DdrvD4BY33uYniyRJ4UJIaSKAfw=="
    },
    "axios@0.21.4": {
      "integrity": "sha512-ut5vewkiu8jjGBdqpM44XxjuCjq9LAKeHVmoVfHVzy8eHgxxq8SbAVQNovDA8mVi05kP0Ea/n/UzcSHcTJQfNg==",
      "dependencies": [
        "follow-redirects"
      ]
    },
    "bcrypt-pbkdf@1.0.2": {
      "integrity": "sha512-qeFIXtP4MSoi6NLqO12WfqARWWuCKi2Rn/9hJLEmtB5yTNr9DqFWkJRCf2qShWzPeAMRnOgCrq0sg/KLv5ES9w==",
      "dependencies": [
        "tweetnacl"
      ]
    },
    "caseless@0.12.0": {
      "integrity": "sha512-4tYFyifaFfGacoiObjJegolkwSU4xQNGbVgUiNYVUxbQ2x2lUsFvY4hVgVzGiIe6WLOPqycWXA40l+PWsxthUw=="
    },
    "clone@2.1.2": {
      "integrity": "sha512-3Pe/CF1Nn94hyhIYpjtiLhdCoEoz0DqQ+988E9gmeEdQZlojxnOb74wctFyuwWQHzqyf9X7C7MG8juUpqBJT8w=="
    },
    "cloneextend@0.0.3": {
      "integrity": "sha512-qeY0VknVTjzllPs1wHprcaXID7abtzFF4xoXjHUKWifdbd4cF+oYtjIhRB9Lrl4s32K3uQG9QizBixM1WhSwrQ=="
    },
    "co@4.6.0": {
      "integrity": "sha512-QVb0dM5HvG+uaxitm8wONl7jltx8dqhfU33DcqtOZcLSVIKSDDLDi7+0LbAKiyI8hD9u42m2YxXSkMGWThaecQ=="
    },
    "combined-stream@1.0.8": {
      "integrity": "sha512-FQN4MRfuJeHf7cBbBMJFXhKSDq+2kAArBlmRBvcvFE5BB1HZKXtSFASDhdlz9zOYwxh8lDdnvmMOe/+5cdoEdg==",
      "dependencies": [
        "delayed-stream"
      ]
    },
    "core-js@2.6.12": {
      "integrity": "sha512-Kb2wC0fvsWfQrgk8HU5lW6U/Lcs8+9aaYcy4ZFc6DDlo4nZ7n70dEgE5rtR0oG6ufKDUnrwfWL1mXR5ljDatrQ=="
    },
    "core-util-is@1.0.2": {
      "integrity": "sha512-3lqz5YjWTYnW6dlDa5TLaTCcShfar1e40rmcJVwCBJC6mWlFuj0eCHIElmG1g5kyuJ/GD+8Wn4FFCcz4gJPfaQ=="
    },
    "dashdash@1.14.1": {
      "integrity": "sha512-jRFi8UDGo6j+odZiEpjazZaWqEal3w/basFjQHQEwVtZJGDpxbH1MeYluwCS8Xq5wmLJooDlMgvVarmWfGM44g==",
      "dependencies": [
        "assert-plus"
      ]
    },
    "debug@4.4.0": {
      "integrity": "sha512-6WTZ/IxCY/T6BALoZHaE4ctp9xm+Z5kY/pzYaCHRFeyVhojxlrm+46y68HA6hr0TcwEssoxNiDEUJQjfPZ/RYA==",
      "dependencies": [
        "ms"
      ]
    },
    "delayed-stream@1.0.0": {
      "integrity": "sha512-ZySD7Nf91aLB0RxL4KGrKHBXl7Eds1DAmEdcoVawXnLD7SDhpNgtuII2aAkg7a7QS41jxPSZ17p4VdGnMHk3MQ=="
    },
    "ecc-jsbn@0.1.2": {
      "integrity": "sha512-eh9O+hwRHNbG4BLTjEl3nw044CkGm5X6LoaCf7LPp7UU8Qrt47JYNi6nPX8xjW97TKGKm1ouctg0QSpZe9qrnw==",
      "dependencies": [
        "jsbn",
        "safer-buffer"
      ]
    },
    "ejs@2.7.4": {
      "integrity": "sha512-7vmuyh5+kuUyJKePhQfRQBhXV5Ce+RnaeeQArKu1EAMpL3WbgMt5WG6uQZpEVvYSSsxMXRKOewtDk9RaTKXRlA=="
    },
    "extend@3.0.2": {
      "integrity": "sha512-fjquC59cD7CyW6urNXK0FBufkZcoiGG80wTuPujX590cB5Ttln20E2UB4S/WARVqhXffZl2LNgS+gQdPIIim/g=="
    },
    "extsprintf@1.3.0": {
      "integrity": "sha512-11Ndz7Nv+mvAC1j0ktTa7fAb0vLyGGX+rMHNBYQviQDGU0Hw7lhctJANqbPhu9nV9/izT/IntTgZ7Im/9LJs9g=="
    },
    "fast-deep-equal@3.1.3": {
      "integrity": "sha512-f3qQ9oQy9j2AhBe/H9VC91wLmKBCCU/gDOnKNAYG5hswO7BLKj09Hc5HYNz9cGI++xlpDCIgDaitVs03ATR84Q=="
    },
    "fast-json-stable-stringify@2.1.0": {
      "integrity": "sha512-lhd/wF+Lk98HZoTCtlVraHtfh5XYijIjalXck7saUtuanSDyLMxnHhSXEDJqHxD7msR8D0uCmqlkwjCV8xvwHw=="
    },
    "follow-redirects@1.15.9": {
      "integrity": "sha512-gew4GsXizNgdoRyqmyfMHyAmXsZDk6mHkSxZFCzW9gwlbtOW44CDtYavM+y+72qD/Vq2l550kMF52DT8fOLJqQ=="
    },
    "forever-agent@0.6.1": {
      "integrity": "sha512-j0KLYPhm6zeac4lz3oJ3o65qvgQCcPubiyotZrXqEaG4hNagNYO8qdlUrX5vwqv9ohqeT/Z3j6+yW067yWWdUw=="
    },
    "form-data@2.3.3": {
      "integrity": "sha512-1lLKB2Mu3aGP1Q/2eCOx0fNbRMe7XdwktwOruhfqqd0rIJWwN4Dh+E3hrPSlDCXnSR7UtZ1N38rVXm+6+MEhJQ==",
      "dependencies": [
        "asynckit",
        "combined-stream",
        "mime-types"
      ]
    },
    "getpass@0.1.7": {
      "integrity": "sha512-0fzj9JxOLfJ+XGLhR8ze3unN0KZCgZwiSSDz168VERjK8Wl8kVSdcu2kspd4s4wtAa1y/qrVRiAA0WclVsu0ng==",
      "dependencies": [
        "assert-plus"
      ]
    },
    "har-schema@2.0.0": {
      "integrity": "sha512-Oqluz6zhGX8cyRaTQlFMPw80bSJVG2x/cFb8ZPhUILGgHka9SsokCCOQgpveePerqidZOrT14ipqfJb7ILcW5Q=="
    },
    "har-validator@5.1.5": {
      "integrity": "sha512-nmT2T0lljbxdQZfspsno9hgrG3Uir6Ks5afism62poxqBM6sDnMEuPmzTq8XN0OEwqKLLdh1jQI3qyE66Nzb3w==",
      "dependencies": [
        "ajv",
        "har-schema"
      ]
    },
    "http-signature@1.2.0": {
      "integrity": "sha512-CAbnr6Rz4CYQkLYUtSNXxQPUH2gK8f3iWexVlsnMeD+GjlsQ0Xsy1cOX+mN3dtxYomRy21CiOzU8Uhw6OwncEQ==",
      "dependencies": [
        "assert-plus",
        "jsprim",
        "sshpk"
      ]
    },
    "ical-expander@2.1.0": {
      "integrity": "sha512-G2J1HIFbL3CPr7tz7U4UYmB8l3Iu16ib3ddzbveCJyvmvjo3MqAye+Izts2H/dOJuSMxYx1DolcEN5TslcNHlg==",
      "dependencies": [
        "ical.js"
      ]
    },
    "ical.js@1.2.2": {
      "integrity": "sha512-h2pPT68xGmMmuHFN3zkMr6dwi+Uc2ySZcQwOte7WLmZL5JGfL97AuXfH8qaEJ0hNyTd4ixEB7/ejNgF2jsMOyA=="
    },
    "is-typedarray@1.0.0": {
      "integrity": "sha512-cyA56iCMHAh5CdzjJIa4aohJyeO1YbwLi3Jc35MmRU6poroFjIGZzUzupGiRPOjgHg9TLu43xbpwXk523fMxKA=="
    },
    "isstream@0.1.2": {
      "integrity": "sha512-Yljz7ffyPbrLpLngrMtZ7NduUgVvi6wG9RJ9IUcyCd59YQ911PBJphODUcbOVbqYfxe1wuYf/LJ8PauMRwsM/g=="
    },
    "jsbn@0.1.1": {
      "integrity": "sha512-UVU9dibq2JcFWxQPA6KCqj5O42VOmAY3zQUfEKxU0KpTGXwNoCjkX1e13eHNvw/xPynt6pU0rZ1htjWTNTSXsg=="
    },
    "json-schema-traverse@0.4.1": {
      "integrity": "sha512-xbbCH5dCYU5T8LcEhhuh7HJ88HXuW3qsI3Y0zOZFKfZEHcpWiHU/Jxzk629Brsab/mMiHQti9wMP+845RPe3Vg=="
    },
    "json-schema@0.4.0": {
      "integrity": "sha512-es94M3nTIfsEPisRafak+HDLfHXnKBhV3vU5eqPcS3flIWqcxJWgXHXiey3YrpaNsanY5ei1VoYEbOzijuq9BA=="
    },
    "json-stringify-safe@5.0.1": {
      "integrity": "sha512-ZClg6AaYvamvYEE82d3Iyd3vSSIjQ+odgjaTzRuO3s7toCdFKczob2i0zCh7JE8kWn17yvAWhUVxvqGwUalsRA=="
    },
    "jsprim@1.4.2": {
      "integrity": "sha512-P2bSOMAc/ciLz6DzgjVlGJP9+BrJWu5UDGK70C2iweC5QBIeFf0ZXRvGjEj2uYgrY2MkAAhsSWHDWlFtEroZWw==",
      "dependencies": [
        "assert-plus",
        "extsprintf",
        "json-schema",
        "verror"
      ]
    },
    "kalender-events@0.28.3": {
      "integrity": "sha512-rYEiRixB00PLUerg/Rp8jQFfXQzr4CIzxMedQx3e7YculmqZiCUyWE3SGf9tMLGg0lPVI6VnfBZYZm/Xk8s2MA==",
      "dependencies": [
        "@naimo84/dav",
        "axios",
        "cloneextend",
        "debug",
        "ical-expander",
        "lodash",
        "moment-timezone",
        "node-cache",
        "rrule",
        "scrapegoat",
        "uuid@8.3.2",
        "xml-js"
      ]
    },
    "lodash@4.17.21": {
      "integrity": "sha512-v2kDEe57lecTulaDIuNTPy3Ry4gLGJ6Z1O3vE1krgXZNrsQ+LFTGHVxVjcXPs17LhbZVGedAJv8XZ1tvj5FvSg=="
    },
    "luxon@1.28.1": {
      "integrity": "sha512-gYHAa180mKrNIUJCbwpmD0aTu9kV0dREDrwNnuyFAsO1Wt0EVYSZelPnJlbj9HplzXX/YWXHFTL45kvZ53M0pw=="
    },
    "mime-db@1.52.0": {
      "integrity": "sha512-sPU4uV7dYlvtWJxwwxHD0PuihVNiE7TyAbQ5SWxDCB9mUYvOgroQOwYQQOKPJ8CIbE+1ETVlOoK1UC2nU3gYvg=="
    },
    "mime-types@2.1.35": {
      "integrity": "sha512-ZDY+bPm5zTTF+YpCrAU9nK0UgICYPT0QtT1NZWFv4s++TNkcgVaT0g6+4R2uI4MjQjzysHB1zxuWL50hzaeXiw==",
      "dependencies": [
        "mime-db"
      ]
    },
    "moment-timezone@0.5.46": {
      "integrity": "sha512-ZXm9b36esbe7OmdABqIWJuBBiLLwAjrN7CE+7sYdCCx82Nabt1wHDj8TVseS59QIlfFPbOoiBPm6ca9BioG4hw==",
      "dependencies": [
        "moment"
      ]
    },
    "moment@2.30.1": {
      "integrity": "sha512-uEmtNhbDOrWPFS+hdjFCBfy9f2YoyzRpwcl+DqpC6taX21FzsTLQVbMV/W7PzNSX6x/bhC1zA3c2UQ5NzH6how=="
    },
    "ms@2.1.3": {
      "integrity": "sha512-6FlzubTLZG3J2a/NVCAleEhjzq5oxgHyaCU9yYXvcLsvoVaHJq/s5xXI6/XXP6tz7R9xAOtHnSO/tXtF3WRTlA=="
    },
    "node-cache@5.1.2": {
      "integrity": "sha512-t1QzWwnk4sjLWaQAS8CHgOJ+RAfmHpxFWmc36IWTiWHQfs0w5JDMBS1b1ZxQteo0vVVuWJvIUKHDkkeK7vIGCg==",
      "dependencies": [
        "clone"
      ]
    },
    "oauth-sign@0.9.0": {
      "integrity": "sha512-fexhUFFPTGV8ybAtSIGbV6gOkSv8UtRbDBnAyLQw4QPKkgNlsH2ByPGtMUqdWkos6YCRmAqViwgZrJc/mRDzZQ=="
    },
    "performance-now@2.1.0": {
      "integrity": "sha512-7EAHlyLHI56VEIdK57uwHdHKIaAGbnXPiw0yWbarQZOKaKpvUIgW0jWRVLiatnM+XXlSwsanIBH/hzGMJulMow=="
    },
    "psl@1.15.0": {
      "integrity": "sha512-JZd3gMVBAVQkSs6HdNZo9Sdo0LNcQeMNP3CozBJb3JYC/QUYZTnKxP+f8oWRX4rHP5EurWxqAHTSwUCjlNKa1w==",
      "dependencies": [
        "punycode"
      ]
    },
    "punycode@2.3.1": {
      "integrity": "sha512-vYt7UD1U9Wg6138shLtLOvdAu+8DsC/ilFtEVHcH+wydcSpNE20AfSOduf6MkRFahL5FY7X1oU7nKVZFtfq8Fg=="
    },
    "qs@6.5.3": {
      "integrity": "sha512-qxXIEh4pCGfHICj1mAJQ2/2XVZkjCDTcEgfoSQxc/fYivUZxTkk7L3bDBJSoNrEzXI17oUO5Dp07ktqE5KzczA=="
    },
    "regenerator-runtime@0.13.11": {
      "integrity": "sha512-kY1AZVr2Ra+t+piVaJ4gxaFaReZVH40AKNo7UCX6W+dEwBo/2oZJzqfuN1qLq1oL45o56cPaTXELwrTh8Fpggg=="
    },
    "request@2.88.2": {
      "integrity": "sha512-MsvtOrfG9ZcrOwAW+Qi+F6HbD0CWXEh9ou77uOb7FM2WPhwT7smM833PzanhJLsgXjN89Ir6V2PczXNnMpwKhw==",
      "dependencies": [
        "aws-sign2",
        "aws4",
        "caseless",
        "combined-stream",
        "extend",
        "forever-agent",
        "form-data",
        "har-validator",
        "http-signature",
        "is-typedarray",
        "isstream",
        "json-stringify-safe",
        "mime-types",
        "oauth-sign",
        "performance-now",
        "qs",
        "safe-buffer",
        "tough-cookie",
        "tunnel-agent",
        "uuid@3.4.0"
      ]
    },
    "rrule@2.6.4": {
      "integrity": "sha512-sLdnh4lmjUqq8liFiOUXD5kWp/FcnbDLPwq5YAc/RrN6120XOPb86Ae5zxF7ttBVq8O3LxjjORMEit1baluahA==",
      "dependencies": [
        "luxon",
        "tslib"
      ]
    },
    "safe-buffer@5.2.1": {
      "integrity": "sha512-rp3So07KcdmmKbGvgaNxQSJr7bGVSVk5S9Eq1F+ppbRo70+YeaDxkw5Dd8NPN+GD6bjnYm2VuPuCXmpuYvmCXQ=="
    },
    "safer-buffer@2.1.2": {
      "integrity": "sha512-YZo3K82SD7Riyi0E1EQPojLz7kpepnSQI9IyPbHHg1XXXevb5dJI7tpyN2ADxGcQbHG7vcyRHk0cbwqcQriUtg=="
    },
    "sax@1.4.1": {
      "integrity": "sha512-+aWOz7yVScEGoKNd4PA10LZ8sk0A/z5+nXQG5giUO5rprX9jgYsTdov9qCchZiPIZezbZH+jRut8nPodFAX4Jg=="
    },
    "scrapegoat@1.0.1": {
      "integrity": "sha512-uIT1GZnnmO/hOUJ0/SGwrDFwsRxNMXijNaqmEQL3nTKy7UgiH/yv4QWSyqn0g3r+tiUAkV28eT2rp75/HzigKg==",
      "dependencies": [
        "ejs",
        "ical.js",
        "moment",
        "request",
        "xml2js"
      ]
    },
    "sshpk@1.18.0": {
      "integrity": "sha512-2p2KJZTSqQ/I3+HX42EpYOa2l3f8Erv8MWKsy2I9uf4wA7yFIkXRffYdsx86y6z4vHtV8u7g+pPlr8/4ouAxsQ==",
      "dependencies": [
        "asn1",
        "assert-plus",
        "bcrypt-pbkdf",
        "dashdash",
        "ecc-jsbn",
        "getpass",
        "jsbn",
        "safer-buffer",
        "tweetnacl"
      ]
    },
    "tough-cookie@2.5.0": {
      "integrity": "sha512-nlLsUzgm1kfLXSXfRZMc1KLAugd4hqJHDTvc2hDIwS3mZAfMEuMbc03SujMF+GEcpaX/qboeycw6iO8JwVv2+g==",
      "dependencies": [
        "psl",
        "punycode"
      ]
    },
    "tslib@1.14.1": {
      "integrity": "sha512-Xni35NKzjgMrwevysHTCArtLDpPvye8zV/0E4EyYn43P7/7qvQwPh9BGkHewbMulVntbigmcT7rdX3BNo9wRJg=="
    },
    "tunnel-agent@0.6.0": {
      "integrity": "sha512-McnNiV1l8RYeY8tBgEpuodCC1mLUdbSN+CYBL7kJsJNInOP8UjDDEwdk6Mw60vdLLrr5NHKZhMAOSrR2NZuQ+w==",
      "dependencies": [
        "safe-buffer"
      ]
    },
    "tweetnacl@0.14.5": {
      "integrity": "sha512-KXXFFdAbFXY4geFIwoyNK+f5Z1b7swfXABfL7HXCmoIWMKU3dmS26672A4EeQtDzLKy7SXmfBu51JolvEKwtGA=="
    },
    "uri-js@4.4.1": {
      "integrity": "sha512-7rKUyy33Q1yc98pQ1DAmLtwX109F7TIfWlW1Ydo8Wl1ii1SeHieeh0HHfPeL2fMXK6z0s8ecKs9frCuLJvndBg==",
      "dependencies": [
        "punycode"
      ]
    },
    "uuid@3.4.0": {
      "integrity": "sha512-HjSDRw6gZE5JMggctHBcjVak08+KEVhSIiDzFnT9S9aegmp85S/bReBVTb4QTFaRNptJ9kuYaNhnbNEOkbKb/A=="
    },
    "uuid@8.3.2": {
      "integrity": "sha512-+NYs2QeMWy+GWFOEm9xnn6HCDp0l7QBD7ml8zLUmJ+93Q5NF0NocErnwkTkXVFNiX3/fpC6afS8Dhb/gz7R7eg=="
    },
    "verror@1.10.0": {
      "integrity": "sha512-ZZKSmDAEFOijERBLkmYfJ+vmk3w+7hOLYDNkRCuRuMJGEmqYNCNLyBBFwWKVMhfwaEF3WOd0Zlw86U/WC/+nYw==",
      "dependencies": [
        "assert-plus",
        "core-util-is",
        "extsprintf"
      ]
    },
    "xml-js@1.6.11": {
      "integrity": "sha512-7rVi2KMfwfWFl+GpPg6m80IVMWXLRjO+PxTq7V2CDhoGak0wzYzFgUY2m4XJ47OGdXd8eLE8EmwfAmdjw7lC1g==",
      "dependencies": [
        "sax"
      ]
    },
    "xml2js@0.4.23": {
      "integrity": "sha512-ySPiMjM0+pLDftHgXY4By0uswI3SPKLDw/i3UXbnO8M/p28zqexCUoPmQFrYD+/1BzhGJSs2i1ERWKJAtiLrug==",
      "dependencies": [
        "sax",
        "xmlbuilder"
      ]
    },
    "xmlbuilder@11.0.1": {
      "integrity": "sha512-fDlsI/kFEx7gLvbecc0/ohLG50fugQp8ryHzMTuW9vSa1GJ0XYWKnhsUx7oie3G98+r56aTQIUB4kht42R3JvA=="
    },
    "xmldom@0.1.31": {
      "integrity": "sha512-yS2uJflVQs6n+CyjHoaBmVSqIDevTAWrzMmjG1Gc7h1qQ7uVozNhEPJAwZXWyGQ/Gafo3fCwrcaokezLPupVyQ=="
    },
    "xmlhttprequest@1.8.0": {
      "integrity": "sha512-58Im/U0mlVBLM38NdZjHyhuMtCqa61469k2YP/AaPbvCoV9aQGUpbJBj1QRm2ytRiVQBD/fsw7L2bJGDVQswBA=="
    }
  },
  "remote": {
    "https://deno.land/std@0.94.0/node/tty.ts": "9fa7f7b461759774b4eeab00334ac5d25b69bf0de003c02814be01e65150da79",
    "https://deno.land/x/chalk_deno@v4.1.1-deno/source/ansi-styles/index.js": "7cc96ab93d1c9cfc0746e9dffb40be872e42ee242906f48e68df0d2c9669f737",
    "https://deno.land/x/chalk_deno@v4.1.1-deno/source/has-flag/index.js": "aed21e4eba656057e7b8c6024305f5354d2ebee2adc857a1d8cd5207923de7e5",
    "https://deno.land/x/chalk_deno@v4.1.1-deno/source/index.js": "6339123f32f7eb4b17c5c9c926ecdf3dbc353fd4fda7811ad2d3c1d4b98a7420",
    "https://deno.land/x/chalk_deno@v4.1.1-deno/source/supports-color/index.js": "4d7f2d216b6ac9013d9ec7e004de21f5a7d00bf2be4075bab2d82638d0d41a86",
    "https://deno.land/x/chalk_deno@v4.1.1-deno/source/templates.js": "f2e12be18cb84710e341e5499528280278052909fa74a12cefc9e2cc26a597ac",
    "https://deno.land/x/chalk_deno@v4.1.1-deno/source/util.js": "cd08297ec411dcee91826ad01a00d3427235d4548ba605a59e64f0da83af8306",
    "https://deno.land/x/date_fns@v2.6.0/_lib/addLeadingZeros/index.js": "2678175ae21bc13620cba3b46d0d82ce79569989e8a250893a0509091b8ec670",
    "https://deno.land/x/date_fns@v2.6.0/_lib/assign/index.js": "d83e06df54c34ff2db123d917fe334b02a073e69c65f257532a084bf24925623",
    "https://deno.land/x/date_fns@v2.6.0/_lib/cloneObject/index.js": "f79cf3de3962f6c801377eb8d93bdc66cf21682caccb99fa5a29dfb958de129c",
    "https://deno.land/x/date_fns@v2.6.0/_lib/format/formatters/index.js": "38686fe8521f5e1a82849be022fbbc2194313d961508e6496be5a9ba3b5c46fc",
    "https://deno.land/x/date_fns@v2.6.0/_lib/format/lightFormatters/index.js": "983da47ca7bee20bf418634ab4855e25a7bf7476b50f52145f02e0159126fc2e",
    "https://deno.land/x/date_fns@v2.6.0/_lib/format/longFormatters/index.js": "ae386e1701ed0a6a5e3bd4bc831e2e5902ec44099415771dae519c51abcbda58",
    "https://deno.land/x/date_fns@v2.6.0/_lib/getTimezoneOffsetInMilliseconds/index.js": "76b1fd25fe56bb8c6796fbb6a02a0530d7f2f75e15f316023f317f4eb75b852a",
    "https://deno.land/x/date_fns@v2.6.0/_lib/getUTCDayOfYear/index.js": "205ebdea9183c72839649ec4f65d432f23521611631cc7c223c5ac8d5f0c7437",
    "https://deno.land/x/date_fns@v2.6.0/_lib/getUTCISOWeek/index.js": "0347f8e6343f4f323da016c443a07b30e0a7562e5f5869782c7405742d7bbb52",
    "https://deno.land/x/date_fns@v2.6.0/_lib/getUTCISOWeekYear/index.js": "db2aa14696e98e80a013460d8a78f045962e4e44791e948aa11b4130a0528205",
    "https://deno.land/x/date_fns@v2.6.0/_lib/getUTCWeek/index.js": "b2e743118344a6289a667a018092e437bb2bc58c3d1382cc79582eb2e1f45c26",
    "https://deno.land/x/date_fns@v2.6.0/_lib/getUTCWeekYear/index.js": "90d895e26500f94d517841bcaad7fab553e5ef68ef1f5df77b06c84c50d86077",
    "https://deno.land/x/date_fns@v2.6.0/_lib/protectedTokens/index.js": "49c44b05ff0030b7342447637ee65795f20b770acf60e7d9763351169b231f7e",
    "https://deno.land/x/date_fns@v2.6.0/_lib/setUTCDay/index.js": "d188cff50fd39fdfa6ec2ee97e555d271b769e9469a3b6cea079cddf93e1a8dc",
    "https://deno.land/x/date_fns@v2.6.0/_lib/setUTCISODay/index.js": "78ee1c7b9189bf39eed9f13463d2c41206d9bc8ae7096496a8753132f24aedb4",
    "https://deno.land/x/date_fns@v2.6.0/_lib/setUTCISOWeek/index.js": "626cc76dcfa70efca43bbdccc0bbe4e8e1bd183cdc04547b8bd6aa0f2fa1163b",
    "https://deno.land/x/date_fns@v2.6.0/_lib/setUTCWeek/index.js": "963e5a61f8e107e7a2014c286668fc7e8f196158d5bc2af62a915b483713fde7",
    "https://deno.land/x/date_fns@v2.6.0/_lib/startOfUTCISOWeek/index.js": "77f84ca364f57c6c15db98589f213c64c6fa5fff8d48e284a1567842340220b4",
    "https://deno.land/x/date_fns@v2.6.0/_lib/startOfUTCISOWeekYear/index.js": "5cf86904501cec13c7d8048889675a4839498351fcf36ad198cb0a460d51fb37",
    "https://deno.land/x/date_fns@v2.6.0/_lib/startOfUTCWeek/index.js": "6f7442b5e6fe10aa8546ffa6a10beb6d352d5add60d32d9753745eb79d9a2469",
    "https://deno.land/x/date_fns@v2.6.0/_lib/startOfUTCWeekYear/index.js": "62abcf4f58f2154d5703b5e3fc2dee050ab808eae842063670dfac0a135a1435",
    "https://deno.land/x/date_fns@v2.6.0/_lib/toInteger/index.js": "901c26d00ba9db574e25ad31dedfad87aad17a47771a5f9bb2ff5589b3fcb8d2",
    "https://deno.land/x/date_fns@v2.6.0/addBusinessDays/index.js": "cbeac69c19cdffcf37f28da273cb7c73074b41726d2172fac68a2708bdf338e8",
    "https://deno.land/x/date_fns@v2.6.0/addDays/index.js": "36975a8ff52759bfb249e1227061d3d830ceb722ae89bf249147b3062caf474b",
    "https://deno.land/x/date_fns@v2.6.0/addHours/index.js": "5df0547ed5f7df96f51e37dc6b145e8f7ba63c5ccbfedd5820cd39507dfe18a6",
    "https://deno.land/x/date_fns@v2.6.0/addISOWeekYears/index.js": "1158305b66fbc20e7ba8665291bf45319f65ef01c749c208802bafd9f5056d34",
    "https://deno.land/x/date_fns@v2.6.0/addMilliseconds/index.js": "86af3872c9a836ed2ff667671d681f39a074c361bf7036587a752c4770d989cd",
    "https://deno.land/x/date_fns@v2.6.0/addMinutes/index.js": "160cd336ff8d76f4f494c02e6c34ca91da9ae3aaee3f53ab3a0155aa5a2f7c2f",
    "https://deno.land/x/date_fns@v2.6.0/addMonths/index.js": "4c2e1bedfffe50007102add82c4441f8ce426f44356d16a00a7d7fa0289b7439",
    "https://deno.land/x/date_fns@v2.6.0/addQuarters/index.js": "b8594ce18c41ec9ca1b9de138eef0c844076238d39652565c9948365f689bdbd",
    "https://deno.land/x/date_fns@v2.6.0/addSeconds/index.js": "d22d91690bdbd0cf2a53ecb8abc98f352bfa1f410798f325e470f9b0ac9096dd",
    "https://deno.land/x/date_fns@v2.6.0/addWeeks/index.js": "34accaee913d287dc645b3fa1e121adcb3f336a871353e31de9e59359b48ed2f",
    "https://deno.land/x/date_fns@v2.6.0/addYears/index.js": "860208d1df2972b4737d9444b743c21e6be09021f794fbde042346c17594e405",
    "https://deno.land/x/date_fns@v2.6.0/areIntervalsOverlapping/index.js": "20d3d31691c0837cf5f1d919752ed1abdb0c15784d769422f78f71d4d169acb6",
    "https://deno.land/x/date_fns@v2.6.0/closestIndexTo/index.js": "92b7746dc56ab70ec34d36208fbb168d70e6d9790fd4f3c1f26a15f35c490844",
    "https://deno.land/x/date_fns@v2.6.0/closestTo/index.js": "63a0bc43be60a13e3670c2bfdef791751d96a9eed9771190f0d1a9d52012f204",
    "https://deno.land/x/date_fns@v2.6.0/compareAsc/index.js": "118d250b6ee5feeacd0d2af9d571e647a3513b32c7bb8115d22381d5a16fa65c",
    "https://deno.land/x/date_fns@v2.6.0/compareDesc/index.js": "c799b36e2a48212e36df96504b0a4092e3a063a9e16044a945cccc53dd306d48",
    "https://deno.land/x/date_fns@v2.6.0/constants/index.js": "c4b73f19e95405c7962a11658a6def85813b7ba974bd09ae20042d360f0fd1a5",
    "https://deno.land/x/date_fns@v2.6.0/differenceInBusinessDays/index.js": "3b5b5671cb9f90326108d38e2005383fea44a2903607f8aa08547095d0617c1f",
    "https://deno.land/x/date_fns@v2.6.0/differenceInCalendarDays/index.js": "b426325379339b6ddac5a3bf6262e0700d3248398a88e9e63be51b4394c260d5",
    "https://deno.land/x/date_fns@v2.6.0/differenceInCalendarISOWeekYears/index.js": "f97c01901a12374cba4200a93597051d891654617abf6e981c6bc8701a4a61c4",
    "https://deno.land/x/date_fns@v2.6.0/differenceInCalendarISOWeeks/index.js": "ddf18144ace84a25afd1e884994edbd5117906c300601635bba335ef9c91ddc5",
    "https://deno.land/x/date_fns@v2.6.0/differenceInCalendarMonths/index.js": "c9169b3f3baeedfee2dc5d3333cbdce64719456fec2353b1f4c25e822d8a300c",
    "https://deno.land/x/date_fns@v2.6.0/differenceInCalendarQuarters/index.js": "1253b78a1ffe885569f91b56d3e12676df4556e7686935e5e7ae6b6d1ae5c46a",
    "https://deno.land/x/date_fns@v2.6.0/differenceInCalendarWeeks/index.js": "6d141f0809b7f80794306c0a6e88317e3fdb1e46ccb2874db19ea9c54615c85a",
    "https://deno.land/x/date_fns@v2.6.0/differenceInCalendarYears/index.js": "92fc1e9a703c3c09159575ed2a8f146a86cb1ef37367711416c09a713402cdf2",
    "https://deno.land/x/date_fns@v2.6.0/differenceInDays/index.js": "f0dd76271333ed540bfaeff3f93b4885df60608a3979c05887f00577eeab36cd",
    "https://deno.land/x/date_fns@v2.6.0/differenceInHours/index.js": "b445f3fb0c712aa50b8c5ca92c2945b0e0866a296a69b4c8e7474cafdea51daa",
    "https://deno.land/x/date_fns@v2.6.0/differenceInISOWeekYears/index.js": "5ff078038da250fe64692d047d1d6897734c20246c7b588009a8c798d7bed413",
    "https://deno.land/x/date_fns@v2.6.0/differenceInMilliseconds/index.js": "32e5352c219136d9d1979512d46f379d585c7ffc7351dbab8860600c3df2fdb8",
    "https://deno.land/x/date_fns@v2.6.0/differenceInMinutes/index.js": "e2b5791904220677dbc014b3bc774916717a526c6934dfcfe8b789090d0a92b6",
    "https://deno.land/x/date_fns@v2.6.0/differenceInMonths/index.js": "0b8eda51f2620153007d04d2ee82a3933efd254ec893d17bd7710491beec9692",
    "https://deno.land/x/date_fns@v2.6.0/differenceInQuarters/index.js": "6aa2533bfa7797b6a835e5ad6479f6ad4c3f6542ad53dc391cbb2013f05dfcdd",
    "https://deno.land/x/date_fns@v2.6.0/differenceInSeconds/index.js": "f50b3690a3ba315f94ecbea7350147df94c52baf4ab183b2829cf59c7a771cba",
    "https://deno.land/x/date_fns@v2.6.0/differenceInWeeks/index.js": "5432a421642dd621d0dc074fde7f5ae583ea5c8b60e36bd31844d4ff42fd1b16",
    "https://deno.land/x/date_fns@v2.6.0/differenceInYears/index.js": "d060f5b0e3f87facb4be26fcd3c113cc2101a977b04d3ead4bf7c26cd4aa90ef",
    "https://deno.land/x/date_fns@v2.6.0/eachDayOfInterval/index.js": "6003273e2b8058bafa4c31a882f1c05264610a6281c4d71dcb26dce621a5d34f",
    "https://deno.land/x/date_fns@v2.6.0/eachWeekOfInterval/index.js": "d080dd4d44f593a8e144bd1f4c4f4a7fb53feeb6416a171b5bbfb2fe8a52263c",
    "https://deno.land/x/date_fns@v2.6.0/eachWeekendOfInterval/index.js": "98e9e37651b92309e0b3f9de9bb8faddeb9f33aebfc455b051d4a8e3a0360be7",
    "https://deno.land/x/date_fns@v2.6.0/eachWeekendOfMonth/index.js": "2372d60b3dec4ec12974b671ec946d93a8209ca6a1e2c3c2f25cb14ff6d8ae8f",
    "https://deno.land/x/date_fns@v2.6.0/eachWeekendOfYear/index.js": "92a4e92ea33775c48786b35ec9b6242e20e05b7cdc7a14c6c92186a7dd9219e2",
    "https://deno.land/x/date_fns@v2.6.0/endOfDay/index.js": "e2e81c1948ad3fc45f937529174ba136ef413037016296ec38fe69c01b7b08cd",
    "https://deno.land/x/date_fns@v2.6.0/endOfDecade/index.js": "e6bcb79f71cd771b3b1877c5b52eee1cd3f38e4251ca8cf437b1c4a14e6967da",
    "https://deno.land/x/date_fns@v2.6.0/endOfHour/index.js": "ea8b1cac6a835e142a166081ba5d195755d7086e19179aa5736676f048432758",
    "https://deno.land/x/date_fns@v2.6.0/endOfISOWeek/index.js": "6e8d3ef1d07890102d0103a9a9a4da7202b2781491f1d077bad63d033694451d",
    "https://deno.land/x/date_fns@v2.6.0/endOfISOWeekYear/index.js": "d128d24101b95ef9f0a602d69419a85f87a967317ccb6fa3397a0da87215e80c",
    "https://deno.land/x/date_fns@v2.6.0/endOfMinute/index.js": "a3db393ffcd9ee72ef748aba564c4cd42ef6c853c132b4d372fce4fa223ac00a",
    "https://deno.land/x/date_fns@v2.6.0/endOfMonth/index.js": "37333df522b22374765e2fa2fd4103a39524d8e6e4f292429f1e696558ad3115",
    "https://deno.land/x/date_fns@v2.6.0/endOfQuarter/index.js": "d4f45827cfe2e2d8c63004c57b440ae5d360cb6e9a3a4a9503224861635b9014",
    "https://deno.land/x/date_fns@v2.6.0/endOfSecond/index.js": "6d58b04a82e183552eeaf3e27dd64b9ad96c553b6cbc6bc21e6cc092961a34bb",
    "https://deno.land/x/date_fns@v2.6.0/endOfToday/index.js": "3c3a804c0f9432ae84476622ebf2a9655aed9804a2018c8499320a515eb9a8fe",
    "https://deno.land/x/date_fns@v2.6.0/endOfTomorrow/index.js": "fcd243e6fcf366e7b146da9016b39bbe60c0d081829455d1c18f52eeb45dfc34",
    "https://deno.land/x/date_fns@v2.6.0/endOfWeek/index.js": "9890a7cc368c203034bb4dbe24ba33bb2d78e08f836dc417169ac6c5b1e69d05",
    "https://deno.land/x/date_fns@v2.6.0/endOfYear/index.js": "6c1b464c9843f557ab1076ed13ebb219b1583bd867a598c3872564e1fdaf0bab",
    "https://deno.land/x/date_fns@v2.6.0/endOfYesterday/index.js": "e9556038e7982fa43ae3e29ad029a8617215ace7a6ddd3964c6ee3582cd8aa54",
    "https://deno.land/x/date_fns@v2.6.0/format/index.js": "22da6c2efb8692115d54a0cfcf8ba4c6b0c483894f1296ab7007fc9b814857ba",
    "https://deno.land/x/date_fns@v2.6.0/formatDistance/index.js": "6ee8f87487192a6adb0cc5b4cb1e6200701049bf7402e88d992d6852528e2056",
    "https://deno.land/x/date_fns@v2.6.0/formatDistanceStrict/index.js": "3a469720d5a51b3ee01cff096be31dae9738f2d08de89ec93d2c20bac045540b",
    "https://deno.land/x/date_fns@v2.6.0/formatDistanceToNow/index.js": "946e06d6746a947c598750c3851dd63f355d8d25cd377f177b84ec8ae48bfb38",
    "https://deno.land/x/date_fns@v2.6.0/formatRelative/index.js": "191924be3e8a3f010124d9a9b71611a105e0278435492c01cb1c51ca59cc2969",
    "https://deno.land/x/date_fns@v2.6.0/fromUnixTime/index.js": "fc65860d77b7cc385726503fa3d2d8318f4b752555fe94a832182e35bae8b23b",
    "https://deno.land/x/date_fns@v2.6.0/getDate/index.js": "a0fb1f2203ffbe4bda2daa54e7ef0ef87fe0c05c7675c7012a0f8cb56ad8858b",
    "https://deno.land/x/date_fns@v2.6.0/getDay/index.js": "b7fc5a319a292cb979f8d563e92c74f5aef1ba7d6e2ed97fb2e972e929f86f59",
    "https://deno.land/x/date_fns@v2.6.0/getDayOfYear/index.js": "ca87e5be331d2589a63d7f5c5fd8b82d4b6959fd3143c79e200f2212faea52aa",
    "https://deno.land/x/date_fns@v2.6.0/getDaysInMonth/index.js": "d532f54def406e3b17332f4de9618cbb32447052c5321069f9aacbfab4f063e9",
    "https://deno.land/x/date_fns@v2.6.0/getDaysInYear/index.js": "40429c50259f2131758685b50555f3f8b47a0421ab177049d427e4d93d6f3682",
    "https://deno.land/x/date_fns@v2.6.0/getDecade/index.js": "516fdea8180642f21e54758e411e8997511295f4b308b70aede7a5e67613e17e",
    "https://deno.land/x/date_fns@v2.6.0/getHours/index.js": "c8c399d48cb34bcc5d4be30fb6055a51a5653c81a4c0cab422ca60b2cdd6d5d5",
    "https://deno.land/x/date_fns@v2.6.0/getISODay/index.js": "d93e63a1671252f14f185a723a89b08b2732a15590432149e3a1a8ebc8393bb3",
    "https://deno.land/x/date_fns@v2.6.0/getISOWeek/index.js": "15a14ab8313fdd59bf72ad827a90e630ce04f383b439fdbefdb522e1a08a84bc",
    "https://deno.land/x/date_fns@v2.6.0/getISOWeekYear/index.js": "0f9d2bd756282a40c45908255579cb25741ad7c67300e0be14b469def8287e46",
    "https://deno.land/x/date_fns@v2.6.0/getISOWeeksInYear/index.js": "719a2dd79d56287a05e491d99ab70d43d302ed9c4795185b37f3b1ce668f2a0e",
    "https://deno.land/x/date_fns@v2.6.0/getMilliseconds/index.js": "9bbd0579bf2d785677ba6e493b84104fb57471e64914a12020fcc32aa0049a8e",
    "https://deno.land/x/date_fns@v2.6.0/getMinutes/index.js": "e2eeb1ac28b202b0607aa2464baf8b0e3a1a328e1620a73c46a32a25358479a9",
    "https://deno.land/x/date_fns@v2.6.0/getMonth/index.js": "e44aaff8a08f46f9ca31ea4d77291d352e5affd5160d9f8a87f41051d8ed16d7",
    "https://deno.land/x/date_fns@v2.6.0/getOverlappingDaysInIntervals/index.js": "6fd1b32e806279377a325e4b30efea8b69cf40913522e1d92472d6bc73e97201",
    "https://deno.land/x/date_fns@v2.6.0/getQuarter/index.js": "0a2b0f5bf9cc2079f51d9e5390e28cb88d07a10775beb30e2d6e92e058ff17ac",
    "https://deno.land/x/date_fns@v2.6.0/getSeconds/index.js": "31bffa0ad5de0dd4d7ace883dea76f014fb7fea4b9d6d6add9d9bd25d07d9a95",
    "https://deno.land/x/date_fns@v2.6.0/getTime/index.js": "1ac783572fdadf6ac29317b8f76e451a3672851ba3483673c78b5e6a0d8434c1",
    "https://deno.land/x/date_fns@v2.6.0/getUnixTime/index.js": "8f54aff95bbac39d3c0cb76d04204ef1e3086560b01b0276a66ca95ff0ae1451",
    "https://deno.land/x/date_fns@v2.6.0/getWeek/index.js": "cf8d00015b3444a2faf27de891b739ea3bfebf476d9baf8044cc9002a54d74e6",
    "https://deno.land/x/date_fns@v2.6.0/getWeekOfMonth/index.js": "3b8ab67d1cd472f428320a17b08671146b7cde84e5d522f5d84e00afcc348e17",
    "https://deno.land/x/date_fns@v2.6.0/getWeekYear/index.js": "288f406547434ec90563a8a38a0424c8524ceb1d369aec17e4b38e99a705f77a",
    "https://deno.land/x/date_fns@v2.6.0/getWeeksInMonth/index.js": "947278746f1a8abf6d11c66a9f0a43b0ebfc2ff72df1f37d4468dadd5773b744",
    "https://deno.land/x/date_fns@v2.6.0/getYear/index.js": "ddb8087b10ee6b3fa577aafa01e27a888336e8d99f098f78ccaf4484a3d969b9",
    "https://deno.land/x/date_fns@v2.6.0/index.js": "c6a05267fff2fe894ae2170c3369691b035195ac19fd2bedbf68b135189b321b",
    "https://deno.land/x/date_fns@v2.6.0/isAfter/index.js": "49233a54ef702dc499ebc34f74ccf70f743e4dcac5c9fc63a05b3abd0934ac98",
    "https://deno.land/x/date_fns@v2.6.0/isBefore/index.js": "e3bcec583d436a4bf9232809b8680a609c1d754c5137b7d3ae74ec56cb7b3bbc",
    "https://deno.land/x/date_fns@v2.6.0/isDate/index.js": "dcd2babd2b5e2dea34205b150d1ea32e5a706f9a299db43309b82424d0fd3bba",
    "https://deno.land/x/date_fns@v2.6.0/isEqual/index.js": "aa8ba9665d0c5ede022a4c4f538ce4464df996d3165deb32931798d64426775b",
    "https://deno.land/x/date_fns@v2.6.0/isFirstDayOfMonth/index.js": "b516a65db95a7b3ca99e015f16e0013978da88deb0e8b0e5048763c5bf509b60",
    "https://deno.land/x/date_fns@v2.6.0/isFriday/index.js": "d98c3be1050fd39fe0b3b8ec4114af305541512fb80c44c31c7c7fb7a8c8ad96",
    "https://deno.land/x/date_fns@v2.6.0/isFuture/index.js": "d7fcea64f633a2d3424d435feda1cbc5629f4888b165a023deca46b31a35b560",
    "https://deno.land/x/date_fns@v2.6.0/isLastDayOfMonth/index.js": "dd388fb620f41595ed31c26531ccc59a4b9d45fdff05313d7cbfba33af9f340b",
    "https://deno.land/x/date_fns@v2.6.0/isLeapYear/index.js": "3625d6958a91ef7e36f56fcc42b4f5e32892dee8571967f599d0f9382a0028af",
    "https://deno.land/x/date_fns@v2.6.0/isMonday/index.js": "2be098138326f9165ea9bff000a7a6294851535100759e042a516f8e5c442aff",
    "https://deno.land/x/date_fns@v2.6.0/isPast/index.js": "ac067778d46cbe5ab3028d2f7cdc39a32b412eac4958ff4d55af5361c47162a2",
    "https://deno.land/x/date_fns@v2.6.0/isSameDay/index.js": "41956f9e1d45cc197b908e9c2bafd778725ed842abd939e2c18642a16840985f",
    "https://deno.land/x/date_fns@v2.6.0/isSameHour/index.js": "acfb60372ac0ee6dcf6cba208927db3efe5a01eda627b09a8b7aa6e032a06a98",
    "https://deno.land/x/date_fns@v2.6.0/isSameISOWeek/index.js": "5384c507afd4e36760b8c77dd3154c5b58248ac593e0e2657be74f510b25b109",
    "https://deno.land/x/date_fns@v2.6.0/isSameISOWeekYear/index.js": "306dacad4fc41a64f29f1c41f9bf4dfc435426c09025619e661b8ab17da47bd1",
    "https://deno.land/x/date_fns@v2.6.0/isSameMinute/index.js": "ee23e65f077bcf1f9dba8c4432d226dea49a9244a52bace5a75a4b8d0563e112",
    "https://deno.land/x/date_fns@v2.6.0/isSameMonth/index.js": "5342b9e6a8f3988637f7cadb185432ce8bf35e0c4537428310264d576956bc11",
    "https://deno.land/x/date_fns@v2.6.0/isSameQuarter/index.js": "42346ae23801a295b482107589173c140a8e290b34a959f83709b0728cc14ff0",
    "https://deno.land/x/date_fns@v2.6.0/isSameSecond/index.js": "917c2ffe623c2e8ebe84172b748931e3417c89d622216adef89a7755003475bc",
    "https://deno.land/x/date_fns@v2.6.0/isSameWeek/index.js": "81afb07d62d6cfe4f167470c9450d0b89fac54381f1746721fb39142c010e1f2",
    "https://deno.land/x/date_fns@v2.6.0/isSameYear/index.js": "903479fd952c6ce5ef5027fb2aefb17bd11d639bc8fb6d346bbe5440fa991f1a",
    "https://deno.land/x/date_fns@v2.6.0/isSaturday/index.js": "1cb6cd1d73bfd23dbc286d57d75f4d68b41644d6c5c7e0c5c7ddc00d5125147d",
    "https://deno.land/x/date_fns@v2.6.0/isSunday/index.js": "bcd98d9e3e45932712448474fa37e85df8e4c660db3a42a6726e2647be282e9f",
    "https://deno.land/x/date_fns@v2.6.0/isThisHour/index.js": "0f9ecd6c0132d4b87cb12f5d4dd2ebb8b895e41b6114aed0292f8de3271feff1",
    "https://deno.land/x/date_fns@v2.6.0/isThisISOWeek/index.js": "dc11935d2279e0e0f01a5c187f186c0271f3e3bed1041a0b73515f777c8524c1",
    "https://deno.land/x/date_fns@v2.6.0/isThisMinute/index.js": "d935e65a5826cedc09bd3b01ae1985018f97b8ecb77ce85a7e786c7db8841c88",
    "https://deno.land/x/date_fns@v2.6.0/isThisMonth/index.js": "8359032d923584933491ae30679c3a3d10973e27e00c138f0ca241d8fda7548c",
    "https://deno.land/x/date_fns@v2.6.0/isThisQuarter/index.js": "b923a408f2ccb9c9cbebd4462308175386b7cd8a309ba50bdf039de013d02d25",
    "https://deno.land/x/date_fns@v2.6.0/isThisSecond/index.js": "5a9298f222cf158e4bb34cd8b63cad6fc25bf77439a8a3c7a67e3978a87188a3",
    "https://deno.land/x/date_fns@v2.6.0/isThisWeek/index.js": "c283fcba9b4c08b360b270cc3448ee472427b33731f8d64a74a954bc67ab90da",
    "https://deno.land/x/date_fns@v2.6.0/isThisYear/index.js": "4ea75a6fd34697c156758038c8df6ecfc8c00778a1f4f2d710b2d3534642b797",
    "https://deno.land/x/date_fns@v2.6.0/isThursday/index.js": "550d9964951b076a5195aa2e6ca399215db6c65e9255935fa75a22c81845d7b7",
    "https://deno.land/x/date_fns@v2.6.0/isToday/index.js": "076e19a90f2a48323dc58b98132dcb13de98ce46110c2b4237695aadfd89eaaa",
    "https://deno.land/x/date_fns@v2.6.0/isTomorrow/index.js": "cb8f3dee657e7ed57e9ea976c5c602dff9f6286f8e18980efbb977b5dae9a28d",
    "https://deno.land/x/date_fns@v2.6.0/isTuesday/index.js": "e70567e83830ab87194b5821f64615ba5ef7ec5e344d3a9492add3be6c208ca3",
    "https://deno.land/x/date_fns@v2.6.0/isValid/index.js": "981dd5719f4bb76cbd9c881d3aff45af10f3794778b6611bb8f64bba23980973",
    "https://deno.land/x/date_fns@v2.6.0/isWednesday/index.js": "ce18e802a6aa974feb2e9478faecc499f614ff27e4ee9a5cf582ac906d357241",
    "https://deno.land/x/date_fns@v2.6.0/isWeekend/index.js": "013884dc9d76f79d765336c1a415b8e902c4082d7bd8b66d354a860add1edb63",
    "https://deno.land/x/date_fns@v2.6.0/isWithinInterval/index.js": "22d37ae198f1df6fc9e2e8fc8b6436512f3518158b003b0d49d7d22cc8579e1d",
    "https://deno.land/x/date_fns@v2.6.0/isYesterday/index.js": "059e8ff174f7193a567af5a2ff824a206bfd5ceed9aef180c2789d22c4f0f3fe",
    "https://deno.land/x/date_fns@v2.6.0/lastDayOfDecade/index.js": "5af8d08dc51308a8ed6e6b441ac6f9a53bedd1d66b2ba390bf87275c606c72da",
    "https://deno.land/x/date_fns@v2.6.0/lastDayOfISOWeek/index.js": "90b5255df2d5a4a94c51a907fe1044f96fd6f1e1aa0966e401457d8460f04660",
    "https://deno.land/x/date_fns@v2.6.0/lastDayOfISOWeekYear/index.js": "be29061145d338d03ba91aea6f8a6cb0a33c1bc992a4ddd11661e4ab842aeb65",
    "https://deno.land/x/date_fns@v2.6.0/lastDayOfMonth/index.js": "3687ee91de3f77a3df363a317ac2bb1e36a09247cf93870752046a1a55f9cb78",
    "https://deno.land/x/date_fns@v2.6.0/lastDayOfQuarter/index.js": "d10abf3bfcb2b32e04048b61da90d8818d01fbd9744b6813969888df2c14a936",
    "https://deno.land/x/date_fns@v2.6.0/lastDayOfWeek/index.js": "69b8b9b22e1f983a36232226385e04e5ad1ea82de32554c556a341b88adf8409",
    "https://deno.land/x/date_fns@v2.6.0/lastDayOfYear/index.js": "bd3ab84725cd1ffea0a7248cd991fa71c5766ae64dd5d289981abed4dd6d5cfc",
    "https://deno.land/x/date_fns@v2.6.0/lightFormat/index.js": "e7fd938b69d3a10206cdf67a4bb389692e7d39aba3fe21851087351745f1d1c0",
    "https://deno.land/x/date_fns@v2.6.0/locale/_lib/buildFormatLongFn/index.js": "2ea8f11006f8f48ac65ded35a5dd8ac837f2aad1d73f482730a9bf0491c6e4f1",
    "https://deno.land/x/date_fns@v2.6.0/locale/_lib/buildLocalizeFn/index.js": "0a7e6ce85d2c3046007a2fb08cb9fb45e9300da522d9cad66cc8ad4fb75d1205",
    "https://deno.land/x/date_fns@v2.6.0/locale/_lib/buildMatchFn/index.js": "b54c70bc959dd1494aa43ac20561ad1896ba6c2366c5ddd5036b6ecf833824dd",
    "https://deno.land/x/date_fns@v2.6.0/locale/_lib/buildMatchPatternFn/index.js": "1291177be2caba2db8692a054e47dc17e0cd43250b2a1da57c30d3d4d72c4cc8",
    "https://deno.land/x/date_fns@v2.6.0/locale/en-US/_lib/formatDistance/index.js": "da4ced8ba179a393253264abf7f56a771497016c8814d8ded55302f3d323c104",
    "https://deno.land/x/date_fns@v2.6.0/locale/en-US/_lib/formatLong/index.js": "52fb74d1bc611b8f3ccd87988fc024cf3e9159faf7628603da71cb7bc756bc13",
    "https://deno.land/x/date_fns@v2.6.0/locale/en-US/_lib/formatRelative/index.js": "31d02ce6bbf4d7ebd2abb2fcbb8a6204759a1f142353e8500317371730b1db0b",
    "https://deno.land/x/date_fns@v2.6.0/locale/en-US/_lib/localize/index.js": "623f4a38b01dcdca56d1dfce7aa886b67560902f8b4fcb0e5d57f896fe438b0b",
    "https://deno.land/x/date_fns@v2.6.0/locale/en-US/_lib/match/index.js": "6b89f7ec4d1c87ddcd15702ef30789fb1624d6616bdaed303d522654f2f4c602",
    "https://deno.land/x/date_fns@v2.6.0/locale/en-US/index.js": "0f8be92f548a2141d7d75d7d538576ef1b0fc528d31f5916bf2105b57bb8b554",
    "https://deno.land/x/date_fns@v2.6.0/max/index.js": "89faca7918f435e527d1d99b2e87d600db6f49162cb6668194b69a76f6f65739",
    "https://deno.land/x/date_fns@v2.6.0/min/index.js": "c94043f1245b02042579845db117180e4c15c360bd980105dbbefea444235837",
    "https://deno.land/x/date_fns@v2.6.0/parse/_lib/parsers/index.js": "b0b4844327420e6d5065037c4f73727c50dc418a227c97993430ecac1512909a",
    "https://deno.land/x/date_fns@v2.6.0/parse/index.js": "786d4d51161de1b7c2246e734e3228d0513c8d6d62dff50ca3d1065a1e77e073",
    "https://deno.land/x/date_fns@v2.6.0/parseISO/index.js": "f6568198e75bff699c2d3015058417360949629d59a45004adc610fa7eec2958",
    "https://deno.land/x/date_fns@v2.6.0/parseJSON/index.js": "1ce607dc7db90c52a85e91901b2cd7cfda7b308b0a44dfcc301c45a1da8d1070",
    "https://deno.land/x/date_fns@v2.6.0/roundToNearestMinutes/index.js": "b35c4d16c51d96824ac46597be1ec24b90f2af6da22319e336990f2be9682ccb",
    "https://deno.land/x/date_fns@v2.6.0/set/index.js": "8aecbcea16a1a72354b8de2138e00d810e25b106f89b8c2ec0f872a324fdec86",
    "https://deno.land/x/date_fns@v2.6.0/setDate/index.js": "a9603a0394ac3e6a852f1fc3373ba49ad06de894a6655abb5a019ce17cb1dc33",
    "https://deno.land/x/date_fns@v2.6.0/setDay/index.js": "32786c4712276ef3f7c89590b5e1e6220db80d2c0ccabab3ec8dd7768ff1e1f0",
    "https://deno.land/x/date_fns@v2.6.0/setDayOfYear/index.js": "cbdccb39c7da4342b83a0a1a87247ff9f31decd8fb31237c548611fb8ba205d6",
    "https://deno.land/x/date_fns@v2.6.0/setHours/index.js": "e241e21fc5522348f26bda8e03e9258a3d60e45c7226ad047979047dca4bada4",
    "https://deno.land/x/date_fns@v2.6.0/setISODay/index.js": "602584d2f37fadb013535ffcf3f1ca48d571fc525ef22eb7ea2872ac8dcbdc73",
    "https://deno.land/x/date_fns@v2.6.0/setISOWeek/index.js": "528f89bdb3a06f782cc34e8942db270c81c2db9980a07819ea3989f5349775b0",
    "https://deno.land/x/date_fns@v2.6.0/setISOWeekYear/index.js": "46c0ec6494275722758e14c213938c5add4c954444f46763131a1692ae6ef1b8",
    "https://deno.land/x/date_fns@v2.6.0/setMilliseconds/index.js": "75f35c1ca80d0987c64ccf82a05b22186a24e793f916fc808f492d8ae2239ad7",
    "https://deno.land/x/date_fns@v2.6.0/setMinutes/index.js": "1510d12294e11c105c4c9eabe3dfedd7e2723f1c4d81741cc0a443ebdbc8eb3f",
    "https://deno.land/x/date_fns@v2.6.0/setMonth/index.js": "90a025d5432720b792a27796f65a7b5bcbf56d473d516e44644f1c7e7e7f8dae",
    "https://deno.land/x/date_fns@v2.6.0/setQuarter/index.js": "3d07a60b4ffb2f6553cb70f0149991d2b68860a1c2c283477e7b540ff5f2ce48",
    "https://deno.land/x/date_fns@v2.6.0/setSeconds/index.js": "e8d0844df15a13ed01f5caa2f6ee06573957849bda3e62142ebc0a1752ce4622",
    "https://deno.land/x/date_fns@v2.6.0/setWeek/index.js": "1d16ca441fd9873350ee5451559d9841bada485447636dc7a5bf80b986bb8ee1",
    "https://deno.land/x/date_fns@v2.6.0/setWeekYear/index.js": "6762ba99518f29a4f915711157bcf31e44268546d5cd647498e48d07069d30ac",
    "https://deno.land/x/date_fns@v2.6.0/setYear/index.js": "d9646d215cb41b80d05910727ebfba180004716ce6a788b3748b43fc227c0015",
    "https://deno.land/x/date_fns@v2.6.0/startOfDay/index.js": "29841877afcec56055e3d544a281c1792e08c31f225e32ae610b62cb9be1a19d",
    "https://deno.land/x/date_fns@v2.6.0/startOfDecade/index.js": "23b480e5ce43f3bc1c3af36974f8a67b5335ee87c6532e282ba828e42e98381e",
    "https://deno.land/x/date_fns@v2.6.0/startOfHour/index.js": "68bf26287579bb12d0ea4ffea4b3d43acef09bb77972088c68a18f0dfebc00a2",
    "https://deno.land/x/date_fns@v2.6.0/startOfISOWeek/index.js": "1daa8241e01cb8a6aaf71e8547d4afea7b7bde525876d7e3f8ebabcfe0328028",
    "https://deno.land/x/date_fns@v2.6.0/startOfISOWeekYear/index.js": "1daa7d76dddaf6a4d6f34fd0fbcd586ccb7bf7c12bfc9a2c13351f0994f578d8",
    "https://deno.land/x/date_fns@v2.6.0/startOfMinute/index.js": "e1b70d85abeeac8106f6784ec47b3a9b34ee1ec81bf40a820f49bca71f44d6e5",
    "https://deno.land/x/date_fns@v2.6.0/startOfMonth/index.js": "83e0bc5913ab57245accc763898e535cd442e2d6c9629987320d4747278869d2",
    "https://deno.land/x/date_fns@v2.6.0/startOfQuarter/index.js": "e21e17c6002c04817f803392ff9e0ad9f6cd8a4a281326cac5dae9ff4a10aa88",
    "https://deno.land/x/date_fns@v2.6.0/startOfSecond/index.js": "8dce9624ce6d542416a9611b3fae283be333575f9b1e7994a0fa84ad73e63baa",
    "https://deno.land/x/date_fns@v2.6.0/startOfToday/index.js": "66426def41bbc2a9d4d918623b6fabd6a031b438c1bee7fb09f16337bb644e96",
    "https://deno.land/x/date_fns@v2.6.0/startOfTomorrow/index.js": "796dcdcd1cca333341f041650e844ce8fc31c5fc4141a404f0b33323b0d6b9f4",
    "https://deno.land/x/date_fns@v2.6.0/startOfWeek/index.js": "4614c7a76a0a3b5f16968553830668134fb090969bd3d700c867ef12e8ef956b",
    "https://deno.land/x/date_fns@v2.6.0/startOfWeekYear/index.js": "09466b917eef057bf9e3c575c9e55802cce0bfa7491a02b8d6687227b23fb21e",
    "https://deno.land/x/date_fns@v2.6.0/startOfYear/index.js": "ebbec3051b653f3f7520a20701799bf49f2ed2b7144d051df34375ed7c5dd552",
    "https://deno.land/x/date_fns@v2.6.0/startOfYesterday/index.js": "6d1cbbd3abf90eb45224c21c2027621a910b4706edbe3dab803071c5f206f7f3",
    "https://deno.land/x/date_fns@v2.6.0/subBusinessDays/index.js": "c0fcec375cc013803c2f309047b3c68ddc0955cc5b63fc59661a8a821a83e475",
    "https://deno.land/x/date_fns@v2.6.0/subDays/index.js": "01b1d5cd4c954d57326a0b547c3a10a399d59d1acc0ea95cefc5012b285236ce",
    "https://deno.land/x/date_fns@v2.6.0/subHours/index.js": "50180ccfda91d64ba65ae2e24a2dc1f94422ebaa4fc1071aa7618a2abadae9df",
    "https://deno.land/x/date_fns@v2.6.0/subISOWeekYears/index.js": "432ddc3f4ecf298b1ff2ed10dae301ad9420b4ba6e738a9d6e37ccf47f10ed8a",
    "https://deno.land/x/date_fns@v2.6.0/subMilliseconds/index.js": "5a9434754178ba7db2d0568e9860ccf16a26737445c5b0fdb421ba3b9faea8c6",
    "https://deno.land/x/date_fns@v2.6.0/subMinutes/index.js": "ef90c5a676693f6bd560658870a38e5a20c6402269bdde2f970df94a5f93dd35",
    "https://deno.land/x/date_fns@v2.6.0/subMonths/index.js": "979fb1224b4f314da23ec26d57163844a62b3f1e33a1d075ad1a0ad6fb153128",
    "https://deno.land/x/date_fns@v2.6.0/subQuarters/index.js": "28ef142fd294d1ff90b14e2360fd9ff45fdd097f492965fcb7f95efb6a433264",
    "https://deno.land/x/date_fns@v2.6.0/subSeconds/index.js": "7ef60a68cdc8bfac69df82d1343881ceb2806eca984f72a16b5116590941420f",
    "https://deno.land/x/date_fns@v2.6.0/subWeeks/index.js": "b772b09ce4e57fd903edbcab2f80da210a9d96392e5c25036fd6335752528baa",
    "https://deno.land/x/date_fns@v2.6.0/subYears/index.js": "2d8653a8d6bf6c1394815d793682393ff57feb680b503b181ea7b98da5489655",
    "https://deno.land/x/date_fns@v2.6.0/toDate/index.js": "ca829378d829ba9637c6f980e240db4a92c7d93ead49b3bab9e4207139fc16b6"
  },
  "workspace": {
    "dependencies": [
      "jsr:@std/assert@1",
      "npm:kalender-events@~0.28.3"
    ]
  }
}
